
Microsoft Visual Studio Solution File, Format Version 12.00
# Visual Studio 15
VisualStudioVersion = 15.0.28307.168
MinimumVisualStudioVersion = 10.0.40219.1
Project("{FAE04EC0-301F-11D3-BF4B-00C04F79EFBC}") = "EquazioniLibrary", "EquazioniLibrary\EquazioniLibrary.csproj", "{39D74861-64D4-465B-8AA0-A6A0B9EEEF59}"
EndProject
Project("{FAE04EC0-301F-11D3-BF4B-00C04F79EFBC}") = "CalcoliCombinatori.Test", "CalcoliCombinatori.Test\CalcoliCombinatori.Test.csproj", "{6314048A-4C35-42AD-9128-AFA155632431}"
EndProject
Global
	GlobalSection(SolutionConfigurationPlatforms) = preSolution
		Debug|Any CPU = Debug|Any CPU
		Release|Any CPU = Release|Any CPU
	EndGlobalSection
	GlobalSection(ProjectConfigurationPlatforms) = postSolution
		{39D74861-64D4-465B-8AA0-A6A0B9EEEF59}.Debug|Any CPU.ActiveCfg = Debug|Any CPU
		{39D74861-64D4-465B-8AA0-A6A0B9EEEF59}.Debug|Any CPU.Build.0 = Debug|Any CPU
		{39D74861-64D4-465B-8AA0-A6A0B9EEEF59}.Release|Any CPU.ActiveCfg = Release|Any CPU
		{39D74861-64D4-465B-8AA0-A6A0B9EEEF59}.Release|Any CPU.Build.0 = Release|Any CPU
		{6314048A-4C35-42AD-9128-AFA155632431}.Debug|Any CPU.ActiveCfg = Debug|Any CPU
		{6314048A-4C35-42AD-9128-AFA155632431}.Debug|Any CPU.Build.0 = Debug|Any CPU
		{6314048A-4C35-42AD-9128-AFA155632431}.Release|Any CPU.ActiveCfg = Release|Any CPU
		{6314048A-4C35-42AD-9128-AFA155632431}.Release|Any CPU.Build.0 = Release|Any CPU
	EndGlobalSection
	GlobalSection(SolutionProperties) = preSolution
		HideSolutionNode = FALSE
	EndGlobalSection
	GlobalSection(ExtensibilityGlobals) = postSolution
		SolutionGuid = {10F511E0-64DE-4803-8F97-CAB1A5A68E68}
	EndGlobalSection
EndGlobal
